
Microsoft Visual Studio Solution File, Format Version 12.00
# Visual Studio Version 17
VisualStudioVersion = 17.11.35303.130
MinimumVisualStudioVersion = 10.0.40219.1
Project("{FAE04EC0-301F-11D3-BF4B-00C04F79EFBC}") = "2024_WpfApp2", "2024_WpfApp2\2024_WpfApp2.csproj", "{3F232143-24E5-419D-8021-19478463975F}"
EndProject
Global
	GlobalSection(SolutionConfigurationPlatforms) = preSolution
		Debug|Any CPU = Debug|Any CPU
		Release|Any CPU = Release|Any CPU
	EndGlobalSection
	GlobalSection(ProjectConfigurationPlatforms) = postSolution
		{3F232143-24E5-419D-8021-19478463975F}.Debug|Any CPU.ActiveCfg = Debug|Any CPU
		{3F232143-24E5-419D-8021-19478463975F}.Debug|Any CPU.Build.0 = Debug|Any CPU
		{3F232143-24E5-419D-8021-19478463975F}.Release|Any CPU.ActiveCfg = Release|Any CPU
		{3F232143-24E5-419D-8021-19478463975F}.Release|Any CPU.Build.0 = Release|Any CPU
	EndGlobalSection
	GlobalSection(SolutionProperties) = preSolution
		HideSolutionNode = FALSE
	EndGlobalSection
	GlobalSection(ExtensibilityGlobals) = postSolution
		SolutionGuid = {6080C300-002C-420C-9449-279C8A62E04F}
	EndGlobalSection
EndGlobal
